
Microsoft Visual Studio Solution File, Format Version 12.00
Project("{FAE04EC0-301F-11D3-BF4B-00C04F79EFBC}") = "Octogram.Contracts", "src\Octogram.Contracts\Octogram.Contracts.csproj", "{D9C5D73F-CB50-40EF-9307-611FEBF35982}"
EndProject
Project("{9A19103F-16F7-4668-BE54-9A1E7A4F7556}") = "_build", "build\_build.csproj", "{18C5CD4F-87CB-4C20-9A33-7C568979E151}"
EndProject
Global
	GlobalSection(SolutionConfigurationPlatforms) = preSolution
		Debug|Any CPU = Debug|Any CPU
		Release|Any CPU = Release|Any CPU
	EndGlobalSection
	GlobalSection(ProjectConfigurationPlatforms) = postSolution
		{18C5CD4F-87CB-4C20-9A33-7C568979E151}.Debug|Any CPU.ActiveCfg = Debug|Any CPU
		{18C5CD4F-87CB-4C20-9A33-7C568979E151}.Release|Any CPU.ActiveCfg = Release|Any CPU
		{D9C5D73F-CB50-40EF-9307-611FEBF35982}.Debug|Any CPU.ActiveCfg = Debug|Any CPU
		{D9C5D73F-CB50-40EF-9307-611FEBF35982}.Debug|Any CPU.Build.0 = Debug|Any CPU
		{D9C5D73F-CB50-40EF-9307-611FEBF35982}.Release|Any CPU.ActiveCfg = Release|Any CPU
		{D9C5D73F-CB50-40EF-9307-611FEBF35982}.Release|Any CPU.Build.0 = Release|Any CPU
	EndGlobalSection
EndGlobal
