
Microsoft Visual Studio Solution File, Format Version 12.00
Project("{2150E333-8FDC-42A3-9474-1A3956D46DE8}") = "src", "src", "{A713D25D-48E2-4143-8A1E-F30ABB612C35}"
EndProject
Project("{2150E333-8FDC-42A3-9474-1A3956D46DE8}") = "tests", "..\tests", "{C19C2C6F-8111-4BDB-A7FB-6C06ABDA58A3}"
EndProject
Project("{FAE04EC0-301F-11D3-BF4B-00C04F79EFBC}") = "Octogram.Contracts", "Octogram.Contracts\Octogram.Contracts.csproj", "{D38262C3-9B37-4E8C-BDA4-B16314869A6A}"
EndProject
Project("{9A19103F-16F7-4668-BE54-9A1E7A4F7556}") = "_build", "..\build\_build.csproj", "{D39DDA07-9FFC-4964-8B38-2D1A480816F2}"
EndProject
Global
	GlobalSection(SolutionConfigurationPlatforms) = preSolution
		Debug|Any CPU = Debug|Any CPU
		Release|Any CPU = Release|Any CPU
	EndGlobalSection
	GlobalSection(ProjectConfigurationPlatforms) = postSolution
		{D39DDA07-9FFC-4964-8B38-2D1A480816F2}.Debug|Any CPU.ActiveCfg = Debug|Any CPU
		{D39DDA07-9FFC-4964-8B38-2D1A480816F2}.Release|Any CPU.ActiveCfg = Release|Any CPU
		{D38262C3-9B37-4E8C-BDA4-B16314869A6A}.Debug|Any CPU.ActiveCfg = Debug|Any CPU
		{D38262C3-9B37-4E8C-BDA4-B16314869A6A}.Debug|Any CPU.Build.0 = Debug|Any CPU
		{D38262C3-9B37-4E8C-BDA4-B16314869A6A}.Release|Any CPU.ActiveCfg = Release|Any CPU
		{D38262C3-9B37-4E8C-BDA4-B16314869A6A}.Release|Any CPU.Build.0 = Release|Any CPU
	EndGlobalSection
	GlobalSection(NestedProjects) = preSolution
		{D38262C3-9B37-4E8C-BDA4-B16314869A6A} = {A713D25D-48E2-4143-8A1E-F30ABB612C35}
	EndGlobalSection
EndGlobal
